
Microsoft Visual Studio Solution File, Format Version 12.00
# Visual Studio 15
VisualStudioVersion = 15.0.27130.2003
MinimumVisualStudioVersion = 10.0.40219.1
Project("{FAE04EC0-301F-11D3-BF4B-00C04F79EFBC}") = "Palindrome.Library", "Palindrome.Library\Palindrome.Library.csproj", "{E349A7B2-8DE0-45A4-82D4-71D1EE754EB2}"
EndProject
Project("{FAE04EC0-301F-11D3-BF4B-00C04F79EFBC}") = "Palindrome.Tests", "Palindrome.Tests\Palindrome.Tests.csproj", "{0B162C88-6955-480D-BB73-0BCFAFC4F961}"
EndProject
Global
	GlobalSection(SolutionConfigurationPlatforms) = preSolution
		Debug|Any CPU = Debug|Any CPU
		Release|Any CPU = Release|Any CPU
	EndGlobalSection
	GlobalSection(ProjectConfigurationPlatforms) = postSolution
		{E349A7B2-8DE0-45A4-82D4-71D1EE754EB2}.Debug|Any CPU.ActiveCfg = Debug|Any CPU
		{E349A7B2-8DE0-45A4-82D4-71D1EE754EB2}.Debug|Any CPU.Build.0 = Debug|Any CPU
		{E349A7B2-8DE0-45A4-82D4-71D1EE754EB2}.Release|Any CPU.ActiveCfg = Release|Any CPU
		{E349A7B2-8DE0-45A4-82D4-71D1EE754EB2}.Release|Any CPU.Build.0 = Release|Any CPU
		{0B162C88-6955-480D-BB73-0BCFAFC4F961}.Debug|Any CPU.ActiveCfg = Debug|Any CPU
		{0B162C88-6955-480D-BB73-0BCFAFC4F961}.Debug|Any CPU.Build.0 = Debug|Any CPU
		{0B162C88-6955-480D-BB73-0BCFAFC4F961}.Release|Any CPU.ActiveCfg = Release|Any CPU
		{0B162C88-6955-480D-BB73-0BCFAFC4F961}.Release|Any CPU.Build.0 = Release|Any CPU
	EndGlobalSection
	GlobalSection(SolutionProperties) = preSolution
		HideSolutionNode = FALSE
	EndGlobalSection
	GlobalSection(ExtensibilityGlobals) = postSolution
		SolutionGuid = {F00AD69F-2472-4847-BD67-4EF22D32D7EC}
	EndGlobalSection
EndGlobal
