
Microsoft Visual Studio Solution File, Format Version 12.00
# Visual Studio 15
VisualStudioVersion = 15.0.27130.2003
MinimumVisualStudioVersion = 10.0.40219.1
Project("{FAE04EC0-301F-11D3-BF4B-00C04F79EFBC}") = "PizzaStore.Library", "PizzaStore.Library\PizzaStore.Library.csproj", "{6A505CB0-A22A-4920-8C10-337FD88F9887}"
EndProject
Project("{FAE04EC0-301F-11D3-BF4B-00C04F79EFBC}") = "PizzaStore.Test", "PizzaStore.Test\PizzaStore.Test.csproj", "{208C74E6-8819-46C6-BB7C-88DB7C95F591}"
EndProject
Project("{FAE04EC0-301F-11D3-BF4B-00C04F79EFBC}") = "PizzaStore.Data", "PizzaStore.Data\PizzaStore.Data.csproj", "{FAD7A50C-B5E4-45E2-A3FC-68F2626EF7FF}"
EndProject
Project("{9A19103F-16F7-4668-BE54-9A1E7A4F7556}") = "PizzaStore.TESTCLIENT", "..\..\..\..\source\repos\PizzaStore.TESTCLIENT\PizzaStore.TESTCLIENT\PizzaStore.TESTCLIENT.csproj", "{9337A8B8-0F4C-466E-A4D3-514BACFDA730}"
EndProject
Global
	GlobalSection(SolutionConfigurationPlatforms) = preSolution
		Debug|Any CPU = Debug|Any CPU
		Release|Any CPU = Release|Any CPU
	EndGlobalSection
	GlobalSection(ProjectConfigurationPlatforms) = postSolution
		{6A505CB0-A22A-4920-8C10-337FD88F9887}.Debug|Any CPU.ActiveCfg = Debug|Any CPU
		{6A505CB0-A22A-4920-8C10-337FD88F9887}.Debug|Any CPU.Build.0 = Debug|Any CPU
		{6A505CB0-A22A-4920-8C10-337FD88F9887}.Release|Any CPU.ActiveCfg = Release|Any CPU
		{6A505CB0-A22A-4920-8C10-337FD88F9887}.Release|Any CPU.Build.0 = Release|Any CPU
		{208C74E6-8819-46C6-BB7C-88DB7C95F591}.Debug|Any CPU.ActiveCfg = Debug|Any CPU
		{208C74E6-8819-46C6-BB7C-88DB7C95F591}.Debug|Any CPU.Build.0 = Debug|Any CPU
		{208C74E6-8819-46C6-BB7C-88DB7C95F591}.Release|Any CPU.ActiveCfg = Release|Any CPU
		{208C74E6-8819-46C6-BB7C-88DB7C95F591}.Release|Any CPU.Build.0 = Release|Any CPU
		{FAD7A50C-B5E4-45E2-A3FC-68F2626EF7FF}.Debug|Any CPU.ActiveCfg = Debug|Any CPU
		{FAD7A50C-B5E4-45E2-A3FC-68F2626EF7FF}.Debug|Any CPU.Build.0 = Debug|Any CPU
		{FAD7A50C-B5E4-45E2-A3FC-68F2626EF7FF}.Release|Any CPU.ActiveCfg = Release|Any CPU
		{FAD7A50C-B5E4-45E2-A3FC-68F2626EF7FF}.Release|Any CPU.Build.0 = Release|Any CPU
		{9337A8B8-0F4C-466E-A4D3-514BACFDA730}.Debug|Any CPU.ActiveCfg = Debug|Any CPU
		{9337A8B8-0F4C-466E-A4D3-514BACFDA730}.Debug|Any CPU.Build.0 = Debug|Any CPU
		{9337A8B8-0F4C-466E-A4D3-514BACFDA730}.Release|Any CPU.ActiveCfg = Release|Any CPU
		{9337A8B8-0F4C-466E-A4D3-514BACFDA730}.Release|Any CPU.Build.0 = Release|Any CPU
	EndGlobalSection
	GlobalSection(SolutionProperties) = preSolution
		HideSolutionNode = FALSE
	EndGlobalSection
	GlobalSection(ExtensibilityGlobals) = postSolution
		SolutionGuid = {D794FF62-8F52-40C9-BEF2-A07363832275}
	EndGlobalSection
EndGlobal
